// !$*UTF8*$!
{
	archiveVersion = 1;
	classes = {
	};
	objectVersion = 55;
	objects = {

/* Begin PBXBuildFile section */
		C428BBEF284D144900FB7E11 /* AccountSummaryCell.swift in Sources */ = {isa = PBXBuildFile; fileRef = C428BBEE284D144900FB7E11 /* AccountSummaryCell.swift */; };
		C428BBF1284D591A00FB7E11 /* Decimal+Util.swift in Sources */ = {isa = PBXBuildFile; fileRef = C428BBF0284D591A00FB7E11 /* Decimal+Util.swift */; };
		C428BBF3284D599400FB7E11 /* CurrencyFormatter.swift in Sources */ = {isa = PBXBuildFile; fileRef = C428BBF2284D599400FB7E11 /* CurrencyFormatter.swift */; };
		C428BC02284D827200FB7E11 /* CurrencyFormatterTests.swift in Sources */ = {isa = PBXBuildFile; fileRef = C428BC01284D827200FB7E11 /* CurrencyFormatterTests.swift */; };
		C428BC04284E33A100FB7E11 /* NSNotificationName.swift in Sources */ = {isa = PBXBuildFile; fileRef = C428BC03284E33A100FB7E11 /* NSNotificationName.swift */; };
		C428BC06284E38F500FB7E11 /* UITextField+SecureToggle.swift in Sources */ = {isa = PBXBuildFile; fileRef = C428BC05284E38F500FB7E11 /* UITextField+SecureToggle.swift */; };
		C428BC09284E8A8000FB7E11 /* ShakeyBellView.swift in Sources */ = {isa = PBXBuildFile; fileRef = C428BC08284E8A8000FB7E11 /* ShakeyBellView.swift */; };
		C428BC0B284EAC3300FB7E11 /* Date+Utils.swift in Sources */ = {isa = PBXBuildFile; fileRef = C428BC0A284EAC3300FB7E11 /* Date+Utils.swift */; };
		C428BC0D284EADA200FB7E11 /* AccountSummaryViewController+Networking.swift in Sources */ = {isa = PBXBuildFile; fileRef = C428BC0C284EADA200FB7E11 /* AccountSummaryViewController+Networking.swift */; };
		C435DBA9284CFEFB00C97EA1 /* AccountSummaryHeaderView.swift in Sources */ = {isa = PBXBuildFile; fileRef = C435DBA8284CFEFB00C97EA1 /* AccountSummaryHeaderView.swift */; };
		C435DBAB284CFF0B00C97EA1 /* AccountSummaryHeaderView.xib in Resources */ = {isa = PBXBuildFile; fileRef = C435DBAA284CFF0B00C97EA1 /* AccountSummaryHeaderView.xib */; };
		C483CA7A28483D3B0004026E /* AppDelegate.swift in Sources */ = {isa = PBXBuildFile; fileRef = C483CA7928483D3B0004026E /* AppDelegate.swift */; };
		C483CA7E28483D3B0004026E /* LoginViewController.swift in Sources */ = {isa = PBXBuildFile; fileRef = C483CA7D28483D3B0004026E /* LoginViewController.swift */; };
		C483CA8328483D3D0004026E /* Assets.xcassets in Resources */ = {isa = PBXBuildFile; fileRef = C483CA8228483D3D0004026E /* Assets.xcassets */; };
		C483CA8628483D3D0004026E /* LaunchScreen.storyboard in Resources */ = {isa = PBXBuildFile; fileRef = C483CA8428483D3D0004026E /* LaunchScreen.storyboard */; };
		C483CA91284908230004026E /* LoginView.swift in Sources */ = {isa = PBXBuildFile; fileRef = C483CA90284908230004026E /* LoginView.swift */; };
		C483CA94284947800004026E /* OnboardingContainerViewController.swift in Sources */ = {isa = PBXBuildFile; fileRef = C483CA93284947800004026E /* OnboardingContainerViewController.swift */; };
		C483CA962849521C0004026E /* OnboardingViewController.swift in Sources */ = {isa = PBXBuildFile; fileRef = C483CA952849521C0004026E /* OnboardingViewController.swift */; };
		C483CA9828498C0C0004026E /* DummyVC.swift in Sources */ = {isa = PBXBuildFile; fileRef = C483CA9728498C0C0004026E /* DummyVC.swift */; };
		C483CA9B284BFF000004026E /* LogalState.swift in Sources */ = {isa = PBXBuildFile; fileRef = C483CA9A284BFF000004026E /* LogalState.swift */; };
		C483CA9D284C0BEC0004026E /* UIViewController+Utils.swift in Sources */ = {isa = PBXBuildFile; fileRef = C483CA9C284C0BEC0004026E /* UIViewController+Utils.swift */; };
		C483CA9F284C0F420004026E /* MainViewController.swift in Sources */ = {isa = PBXBuildFile; fileRef = C483CA9E284C0F420004026E /* MainViewController.swift */; };
		C483CAA2284C27FD0004026E /* AccountSummaryViewController.swift in Sources */ = {isa = PBXBuildFile; fileRef = C483CAA1284C27FD0004026E /* AccountSummaryViewController.swift */; };
/* End PBXBuildFile section */

/* Begin PBXContainerItemProxy section */
		C428BBFC284D805B00FB7E11 /* PBXContainerItemProxy */ = {
			isa = PBXContainerItemProxy;
			containerPortal = C483CA6E28483D3B0004026E /* Project object */;
			proxyType = 1;
			remoteGlobalIDString = C483CA7528483D3B0004026E;
			remoteInfo = Banker;
		};
/* End PBXContainerItemProxy section */

/* Begin PBXFileReference section */
		C428BBEE284D144900FB7E11 /* AccountSummaryCell.swift */ = {isa = PBXFileReference; lastKnownFileType = sourcecode.swift; path = AccountSummaryCell.swift; sourceTree = "<group>"; };
		C428BBF0284D591A00FB7E11 /* Decimal+Util.swift */ = {isa = PBXFileReference; lastKnownFileType = sourcecode.swift; path = "Decimal+Util.swift"; sourceTree = "<group>"; };
		C428BBF2284D599400FB7E11 /* CurrencyFormatter.swift */ = {isa = PBXFileReference; lastKnownFileType = sourcecode.swift; path = CurrencyFormatter.swift; sourceTree = "<group>"; };
		C428BBF8284D805B00FB7E11 /* BankerUnitTests.xctest */ = {isa = PBXFileReference; explicitFileType = wrapper.cfbundle; includeInIndex = 0; path = BankerUnitTests.xctest; sourceTree = BUILT_PRODUCTS_DIR; };
		C428BC01284D827200FB7E11 /* CurrencyFormatterTests.swift */ = {isa = PBXFileReference; lastKnownFileType = sourcecode.swift; path = CurrencyFormatterTests.swift; sourceTree = "<group>"; };
		C428BC03284E33A100FB7E11 /* NSNotificationName.swift */ = {isa = PBXFileReference; lastKnownFileType = sourcecode.swift; path = NSNotificationName.swift; sourceTree = "<group>"; };
		C428BC05284E38F500FB7E11 /* UITextField+SecureToggle.swift */ = {isa = PBXFileReference; lastKnownFileType = sourcecode.swift; path = "UITextField+SecureToggle.swift"; sourceTree = "<group>"; };
		C428BC08284E8A8000FB7E11 /* ShakeyBellView.swift */ = {isa = PBXFileReference; lastKnownFileType = sourcecode.swift; path = ShakeyBellView.swift; sourceTree = "<group>"; };
		C428BC0A284EAC3300FB7E11 /* Date+Utils.swift */ = {isa = PBXFileReference; lastKnownFileType = sourcecode.swift; path = "Date+Utils.swift"; sourceTree = "<group>"; };
		C428BC0C284EADA200FB7E11 /* AccountSummaryViewController+Networking.swift */ = {isa = PBXFileReference; lastKnownFileType = sourcecode.swift; path = "AccountSummaryViewController+Networking.swift"; sourceTree = "<group>"; };
		C435DBA8284CFEFB00C97EA1 /* AccountSummaryHeaderView.swift */ = {isa = PBXFileReference; lastKnownFileType = sourcecode.swift; path = AccountSummaryHeaderView.swift; sourceTree = "<group>"; };
		C435DBAA284CFF0B00C97EA1 /* AccountSummaryHeaderView.xib */ = {isa = PBXFileReference; lastKnownFileType = file.xib; path = AccountSummaryHeaderView.xib; sourceTree = "<group>"; };
		C483CA7628483D3B0004026E /* Banker.app */ = {isa = PBXFileReference; explicitFileType = wrapper.application; includeInIndex = 0; path = Banker.app; sourceTree = BUILT_PRODUCTS_DIR; };
		C483CA7928483D3B0004026E /* AppDelegate.swift */ = {isa = PBXFileReference; lastKnownFileType = sourcecode.swift; path = AppDelegate.swift; sourceTree = "<group>"; };
		C483CA7D28483D3B0004026E /* LoginViewController.swift */ = {isa = PBXFileReference; lastKnownFileType = sourcecode.swift; path = LoginViewController.swift; sourceTree = "<group>"; };
		C483CA8228483D3D0004026E /* Assets.xcassets */ = {isa = PBXFileReference; lastKnownFileType = folder.assetcatalog; path = Assets.xcassets; sourceTree = "<group>"; };
		C483CA8528483D3D0004026E /* Base */ = {isa = PBXFileReference; lastKnownFileType = file.storyboard; name = Base; path = Base.lproj/LaunchScreen.storyboard; sourceTree = "<group>"; };
		C483CA8728483D3D0004026E /* Info.plist */ = {isa = PBXFileReference; lastKnownFileType = text.plist.xml; path = Info.plist; sourceTree = "<group>"; };
		C483CA90284908230004026E /* LoginView.swift */ = {isa = PBXFileReference; lastKnownFileType = sourcecode.swift; path = LoginView.swift; sourceTree = "<group>"; };
		C483CA93284947800004026E /* OnboardingContainerViewController.swift */ = {isa = PBXFileReference; lastKnownFileType = sourcecode.swift; path = OnboardingContainerViewController.swift; sourceTree = "<group>"; };
		C483CA952849521C0004026E /* OnboardingViewController.swift */ = {isa = PBXFileReference; lastKnownFileType = sourcecode.swift; path = OnboardingViewController.swift; sourceTree = "<group>"; };
		C483CA9728498C0C0004026E /* DummyVC.swift */ = {isa = PBXFileReference; lastKnownFileType = sourcecode.swift; path = DummyVC.swift; sourceTree = "<group>"; };
		C483CA9A284BFF000004026E /* LogalState.swift */ = {isa = PBXFileReference; lastKnownFileType = sourcecode.swift; path = LogalState.swift; sourceTree = "<group>"; };
		C483CA9C284C0BEC0004026E /* UIViewController+Utils.swift */ = {isa = PBXFileReference; lastKnownFileType = sourcecode.swift; path = "UIViewController+Utils.swift"; sourceTree = "<group>"; };
		C483CA9E284C0F420004026E /* MainViewController.swift */ = {isa = PBXFileReference; lastKnownFileType = sourcecode.swift; path = MainViewController.swift; sourceTree = "<group>"; };
		C483CAA1284C27FD0004026E /* AccountSummaryViewController.swift */ = {isa = PBXFileReference; lastKnownFileType = sourcecode.swift; path = AccountSummaryViewController.swift; sourceTree = "<group>"; };
/* End PBXFileReference section */

/* Begin PBXFrameworksBuildPhase section */
		C428BBF5284D805B00FB7E11 /* Frameworks */ = {
			isa = PBXFrameworksBuildPhase;
			buildActionMask = 2147483647;
			files = (
			);
			runOnlyForDeploymentPostprocessing = 0;
		};
		C483CA7328483D3B0004026E /* Frameworks */ = {
			isa = PBXFrameworksBuildPhase;
			buildActionMask = 2147483647;
			files = (
			);
			runOnlyForDeploymentPostprocessing = 0;
		};
/* End PBXFrameworksBuildPhase section */

/* Begin PBXGroup section */
		C428BBEC284D13D100FB7E11 /* Header */ = {
			isa = PBXGroup;
			children = (
				C435DBA8284CFEFB00C97EA1 /* AccountSummaryHeaderView.swift */,
				C435DBAA284CFF0B00C97EA1 /* AccountSummaryHeaderView.xib */,
			);
			path = Header;
			sourceTree = "<group>";
		};
		C428BBED284D13FB00FB7E11 /* Cells */ = {
			isa = PBXGroup;
			children = (
				C428BBEE284D144900FB7E11 /* AccountSummaryCell.swift */,
			);
			path = Cells;
			sourceTree = "<group>";
		};
		C428BBF9284D805B00FB7E11 /* BankerUnitTests */ = {
			isa = PBXGroup;
			children = (
				C428BC01284D827200FB7E11 /* CurrencyFormatterTests.swift */,
			);
			path = BankerUnitTests;
			sourceTree = "<group>";
		};
		C428BC07284E8A5D00FB7E11 /* Components */ = {
			isa = PBXGroup;
			children = (
				C428BC08284E8A8000FB7E11 /* ShakeyBellView.swift */,
			);
			path = Components;
			sourceTree = "<group>";
		};
		C483CA6D28483D3B0004026E = {
			isa = PBXGroup;
			children = (
				C483CA7828483D3B0004026E /* Banker */,
				C428BBF9284D805B00FB7E11 /* BankerUnitTests */,
				C483CA7728483D3B0004026E /* Products */,
			);
			sourceTree = "<group>";
		};
		C483CA7728483D3B0004026E /* Products */ = {
			isa = PBXGroup;
			children = (
				C483CA7628483D3B0004026E /* Banker.app */,
				C428BBF8284D805B00FB7E11 /* BankerUnitTests.xctest */,
			);
			name = Products;
			sourceTree = "<group>";
		};
		C483CA7828483D3B0004026E /* Banker */ = {
			isa = PBXGroup;
			children = (
				C483CA7928483D3B0004026E /* AppDelegate.swift */,
				C483CA9E284C0F420004026E /* MainViewController.swift */,
				C483CA8F284907F90004026E /* Login */,
				C483CA92284947520004026E /* Onboarding */,
				C483CAA0284C27D50004026E /* AccountSummary */,
				C483CA99284BFEE90004026E /* Utils */,
				C428BC07284E8A5D00FB7E11 /* Components */,
				C483CA8E284907A50004026E /* Files */,
			);
			path = Banker;
			sourceTree = "<group>";
		};
		C483CA8E284907A50004026E /* Files */ = {
			isa = PBXGroup;
			children = (
				C483CA8228483D3D0004026E /* Assets.xcassets */,
				C483CA8428483D3D0004026E /* LaunchScreen.storyboard */,
				C483CA8728483D3D0004026E /* Info.plist */,
			);
			name = Files;
			sourceTree = "<group>";
		};
		C483CA8F284907F90004026E /* Login */ = {
			isa = PBXGroup;
			children = (
				C483CA7D28483D3B0004026E /* LoginViewController.swift */,
				C483CA90284908230004026E /* LoginView.swift */,
				C483CA9728498C0C0004026E /* DummyVC.swift */,
			);
			path = Login;
			sourceTree = "<group>";
		};
		C483CA92284947520004026E /* Onboarding */ = {
			isa = PBXGroup;
			children = (
				C483CA93284947800004026E /* OnboardingContainerViewController.swift */,
				C483CA952849521C0004026E /* OnboardingViewController.swift */,
			);
			path = Onboarding;
			sourceTree = "<group>";
		};
		C483CA99284BFEE90004026E /* Utils */ = {
			isa = PBXGroup;
			children = (
				C483CA9C284C0BEC0004026E /* UIViewController+Utils.swift */,
				C428BBF0284D591A00FB7E11 /* Decimal+Util.swift */,
				C428BC05284E38F500FB7E11 /* UITextField+SecureToggle.swift */,
				C483CA9A284BFF000004026E /* LogalState.swift */,
				C428BBF2284D599400FB7E11 /* CurrencyFormatter.swift */,
				C428BC03284E33A100FB7E11 /* NSNotificationName.swift */,
				C428BC0A284EAC3300FB7E11 /* Date+Utils.swift */,
			);
			path = Utils;
			sourceTree = "<group>";
		};
		C483CAA0284C27D50004026E /* AccountSummary */ = {
			isa = PBXGroup;
			children = (
				C483CAA1284C27FD0004026E /* AccountSummaryViewController.swift */,
				C428BC0C284EADA200FB7E11 /* AccountSummaryViewController+Networking.swift */,
				C428BBEC284D13D100FB7E11 /* Header */,
				C428BBED284D13FB00FB7E11 /* Cells */,
			);
			path = AccountSummary;
			sourceTree = "<group>";
		};
/* End PBXGroup section */

/* Begin PBXNativeTarget section */
		C428BBF7284D805B00FB7E11 /* BankerUnitTests */ = {
			isa = PBXNativeTarget;
			buildConfigurationList = C428BBFE284D805B00FB7E11 /* Build configuration list for PBXNativeTarget "BankerUnitTests" */;
			buildPhases = (
				C428BBF4284D805B00FB7E11 /* Sources */,
				C428BBF5284D805B00FB7E11 /* Frameworks */,
				C428BBF6284D805B00FB7E11 /* Resources */,
			);
			buildRules = (
			);
			dependencies = (
				C428BBFD284D805B00FB7E11 /* PBXTargetDependency */,
			);
			name = BankerUnitTests;
			productName = BankerUnitTests;
			productReference = C428BBF8284D805B00FB7E11 /* BankerUnitTests.xctest */;
			productType = "com.apple.product-type.bundle.unit-test";
		};
		C483CA7528483D3B0004026E /* Banker */ = {
			isa = PBXNativeTarget;
			buildConfigurationList = C483CA8A28483D3D0004026E /* Build configuration list for PBXNativeTarget "Banker" */;
			buildPhases = (
				C483CA7228483D3B0004026E /* Sources */,
				C483CA7328483D3B0004026E /* Frameworks */,
				C483CA7428483D3B0004026E /* Resources */,
			);
			buildRules = (
			);
			dependencies = (
			);
			name = Banker;
			productName = Banker;
			productReference = C483CA7628483D3B0004026E /* Banker.app */;
			productType = "com.apple.product-type.application";
		};
/* End PBXNativeTarget section */

/* Begin PBXProject section */
		C483CA6E28483D3B0004026E /* Project object */ = {
			isa = PBXProject;
			attributes = {
				BuildIndependentTargetsInParallel = 1;
				LastSwiftUpdateCheck = 1330;
				LastUpgradeCheck = 1330;
				TargetAttributes = {
					C428BBF7284D805B00FB7E11 = {
						CreatedOnToolsVersion = 13.3.1;
						LastSwiftMigration = 1330;
						TestTargetID = C483CA7528483D3B0004026E;
					};
					C483CA7528483D3B0004026E = {
						CreatedOnToolsVersion = 13.3.1;
					};
				};
			};
			buildConfigurationList = C483CA7128483D3B0004026E /* Build configuration list for PBXProject "Banker" */;
			compatibilityVersion = "Xcode 13.0";
			developmentRegion = en;
			hasScannedForEncodings = 0;
			knownRegions = (
				en,
				Base,
			);
			mainGroup = C483CA6D28483D3B0004026E;
			productRefGroup = C483CA7728483D3B0004026E /* Products */;
			projectDirPath = "";
			projectRoot = "";
			targets = (
				C483CA7528483D3B0004026E /* Banker */,
				C428BBF7284D805B00FB7E11 /* BankerUnitTests */,
			);
		};
/* End PBXProject section */

/* Begin PBXResourcesBuildPhase section */
		C428BBF6284D805B00FB7E11 /* Resources */ = {
			isa = PBXResourcesBuildPhase;
			buildActionMask = 2147483647;
			files = (
			);
			runOnlyForDeploymentPostprocessing = 0;
		};
		C483CA7428483D3B0004026E /* Resources */ = {
			isa = PBXResourcesBuildPhase;
			buildActionMask = 2147483647;
			files = (
				C435DBAB284CFF0B00C97EA1 /* AccountSummaryHeaderView.xib in Resources */,
				C483CA8628483D3D0004026E /* LaunchScreen.storyboard in Resources */,
				C483CA8328483D3D0004026E /* Assets.xcassets in Resources */,
			);
			runOnlyForDeploymentPostprocessing = 0;
		};
/* End PBXResourcesBuildPhase section */

/* Begin PBXSourcesBuildPhase section */
		C428BBF4284D805B00FB7E11 /* Sources */ = {
			isa = PBXSourcesBuildPhase;
			buildActionMask = 2147483647;
			files = (
				C428BC02284D827200FB7E11 /* CurrencyFormatterTests.swift in Sources */,
			);
			runOnlyForDeploymentPostprocessing = 0;
		};
		C483CA7228483D3B0004026E /* Sources */ = {
			isa = PBXSourcesBuildPhase;
			buildActionMask = 2147483647;
			files = (
				C483CA9D284C0BEC0004026E /* UIViewController+Utils.swift in Sources */,
				C428BC0B284EAC3300FB7E11 /* Date+Utils.swift in Sources */,
				C483CA91284908230004026E /* LoginView.swift in Sources */,
				C483CA9B284BFF000004026E /* LogalState.swift in Sources */,
				C428BBF1284D591A00FB7E11 /* Decimal+Util.swift in Sources */,
				C428BC06284E38F500FB7E11 /* UITextField+SecureToggle.swift in Sources */,
				C435DBA9284CFEFB00C97EA1 /* AccountSummaryHeaderView.swift in Sources */,
				C428BBF3284D599400FB7E11 /* CurrencyFormatter.swift in Sources */,
				C483CA9828498C0C0004026E /* DummyVC.swift in Sources */,
				C428BC04284E33A100FB7E11 /* NSNotificationName.swift in Sources */,
				C483CA7E28483D3B0004026E /* LoginViewController.swift in Sources */,
				C428BC09284E8A8000FB7E11 /* ShakeyBellView.swift in Sources */,
				C428BBEF284D144900FB7E11 /* AccountSummaryCell.swift in Sources */,
				C483CA962849521C0004026E /* OnboardingViewController.swift in Sources */,
				C483CA9F284C0F420004026E /* MainViewController.swift in Sources */,
				C483CAA2284C27FD0004026E /* AccountSummaryViewController.swift in Sources */,
				C483CA7A28483D3B0004026E /* AppDelegate.swift in Sources */,
				C483CA94284947800004026E /* OnboardingContainerViewController.swift in Sources */,
				C428BC0D284EADA200FB7E11 /* AccountSummaryViewController+Networking.swift in Sources */,
			);
			runOnlyForDeploymentPostprocessing = 0;
		};
/* End PBXSourcesBuildPhase section */

/* Begin PBXTargetDependency section */
		C428BBFD284D805B00FB7E11 /* PBXTargetDependency */ = {
			isa = PBXTargetDependency;
			target = C483CA7528483D3B0004026E /* Banker */;
			targetProxy = C428BBFC284D805B00FB7E11 /* PBXContainerItemProxy */;
		};
/* End PBXTargetDependency section */

/* Begin PBXVariantGroup section */
		C483CA8428483D3D0004026E /* LaunchScreen.storyboard */ = {
			isa = PBXVariantGroup;
			children = (
				C483CA8528483D3D0004026E /* Base */,
			);
			name = LaunchScreen.storyboard;
			sourceTree = "<group>";
		};
/* End PBXVariantGroup section */

/* Begin XCBuildConfiguration section */
		C428BBFF284D805B00FB7E11 /* Debug */ = {
			isa = XCBuildConfiguration;
			buildSettings = {
				BUNDLE_LOADER = "$(TEST_HOST)";
				CLANG_ENABLE_MODULES = YES;
				CODE_SIGN_STYLE = Automatic;
				CURRENT_PROJECT_VERSION = 1;
				DEVELOPMENT_TEAM = X28T8ZG28R;
				GENERATE_INFOPLIST_FILE = YES;
				LD_RUNPATH_SEARCH_PATHS = (
					"$(inherited)",
					"@executable_path/Frameworks",
					"@loader_path/Frameworks",
				);
				MARKETING_VERSION = 1.0;
				PRODUCT_BUNDLE_IDENTIFIER = murphy.iosDevSean.BankerUnitTests;
				PRODUCT_NAME = "$(TARGET_NAME)";
				SWIFT_EMIT_LOC_STRINGS = NO;
				SWIFT_OPTIMIZATION_LEVEL = "-Onone";
				SWIFT_VERSION = 5.0;
				TARGETED_DEVICE_FAMILY = "1,2";
				TEST_HOST = "$(BUILT_PRODUCTS_DIR)/Banker.app/Banker";
			};
			name = Debug;
		};
		C428BC00284D805B00FB7E11 /* Release */ = {
			isa = XCBuildConfiguration;
			buildSettings = {
				BUNDLE_LOADER = "$(TEST_HOST)";
				CLANG_ENABLE_MODULES = YES;
				CODE_SIGN_STYLE = Automatic;
				CURRENT_PROJECT_VERSION = 1;
				DEVELOPMENT_TEAM = X28T8ZG28R;
				GENERATE_INFOPLIST_FILE = YES;
				LD_RUNPATH_SEARCH_PATHS = (
					"$(inherited)",
					"@executable_path/Frameworks",
					"@loader_path/Frameworks",
				);
				MARKETING_VERSION = 1.0;
				PRODUCT_BUNDLE_IDENTIFIER = murphy.iosDevSean.BankerUnitTests;
				PRODUCT_NAME = "$(TARGET_NAME)";
				SWIFT_EMIT_LOC_STRINGS = NO;
				SWIFT_VERSION = 5.0;
				TARGETED_DEVICE_FAMILY = "1,2";
				TEST_HOST = "$(BUILT_PRODUCTS_DIR)/Banker.app/Banker";
			};
			name = Release;
		};
		C483CA8828483D3D0004026E /* Debug */ = {
			isa = XCBuildConfiguration;
			buildSettings = {
				ALWAYS_SEARCH_USER_PATHS = NO;
				CLANG_ANALYZER_NONNULL = YES;
				CLANG_ANALYZER_NUMBER_OBJECT_CONVERSION = YES_AGGRESSIVE;
				CLANG_CXX_LANGUAGE_STANDARD = "gnu++17";
				CLANG_ENABLE_MODULES = YES;
				CLANG_ENABLE_OBJC_ARC = YES;
				CLANG_ENABLE_OBJC_WEAK = YES;
				CLANG_WARN_BLOCK_CAPTURE_AUTORELEASING = YES;
				CLANG_WARN_BOOL_CONVERSION = YES;
				CLANG_WARN_COMMA = YES;
				CLANG_WARN_CONSTANT_CONVERSION = YES;
				CLANG_WARN_DEPRECATED_OBJC_IMPLEMENTATIONS = YES;
				CLANG_WARN_DIRECT_OBJC_ISA_USAGE = YES_ERROR;
				CLANG_WARN_DOCUMENTATION_COMMENTS = YES;
				CLANG_WARN_EMPTY_BODY = YES;
				CLANG_WARN_ENUM_CONVERSION = YES;
				CLANG_WARN_INFINITE_RECURSION = YES;
				CLANG_WARN_INT_CONVERSION = YES;
				CLANG_WARN_NON_LITERAL_NULL_CONVERSION = YES;
				CLANG_WARN_OBJC_IMPLICIT_RETAIN_SELF = YES;
				CLANG_WARN_OBJC_LITERAL_CONVERSION = YES;
				CLANG_WARN_OBJC_ROOT_CLASS = YES_ERROR;
				CLANG_WARN_QUOTED_INCLUDE_IN_FRAMEWORK_HEADER = YES;
				CLANG_WARN_RANGE_LOOP_ANALYSIS = YES;
				CLANG_WARN_STRICT_PROTOTYPES = YES;
				CLANG_WARN_SUSPICIOUS_MOVE = YES;
				CLANG_WARN_UNGUARDED_AVAILABILITY = YES_AGGRESSIVE;
				CLANG_WARN_UNREACHABLE_CODE = YES;
				CLANG_WARN__DUPLICATE_METHOD_MATCH = YES;
				COPY_PHASE_STRIP = NO;
				DEBUG_INFORMATION_FORMAT = dwarf;
				ENABLE_STRICT_OBJC_MSGSEND = YES;
				ENABLE_TESTABILITY = YES;
				GCC_C_LANGUAGE_STANDARD = gnu11;
				GCC_DYNAMIC_NO_PIC = NO;
				GCC_NO_COMMON_BLOCKS = YES;
				GCC_OPTIMIZATION_LEVEL = 0;
				GCC_PREPROCESSOR_DEFINITIONS = (
					"DEBUG=1",
					"$(inherited)",
				);
				GCC_WARN_64_TO_32_BIT_CONVERSION = YES;
				GCC_WARN_ABOUT_RETURN_TYPE = YES_ERROR;
				GCC_WARN_UNDECLARED_SELECTOR = YES;
				GCC_WARN_UNINITIALIZED_AUTOS = YES_AGGRESSIVE;
				GCC_WARN_UNUSED_FUNCTION = YES;
				GCC_WARN_UNUSED_VARIABLE = YES;
				IPHONEOS_DEPLOYMENT_TARGET = 15.4;
				MTL_ENABLE_DEBUG_INFO = INCLUDE_SOURCE;
				MTL_FAST_MATH = YES;
				ONLY_ACTIVE_ARCH = YES;
				SDKROOT = iphoneos;
				SWIFT_ACTIVE_COMPILATION_CONDITIONS = DEBUG;
				SWIFT_OPTIMIZATION_LEVEL = "-Onone";
			};
			name = Debug;
		};
		C483CA8928483D3D0004026E /* Release */ = {
			isa = XCBuildConfiguration;
			buildSettings = {
				ALWAYS_SEARCH_USER_PATHS = NO;
				CLANG_ANALYZER_NONNULL = YES;
				CLANG_ANALYZER_NUMBER_OBJECT_CONVERSION = YES_AGGRESSIVE;
				CLANG_CXX_LANGUAGE_STANDARD = "gnu++17";
				CLANG_ENABLE_MODULES = YES;
				CLANG_ENABLE_OBJC_ARC = YES;
				CLANG_ENABLE_OBJC_WEAK = YES;
				CLANG_WARN_BLOCK_CAPTURE_AUTORELEASING = YES;
				CLANG_WARN_BOOL_CONVERSION = YES;
				CLANG_WARN_COMMA = YES;
				CLANG_WARN_CONSTANT_CONVERSION = YES;
				CLANG_WARN_DEPRECATED_OBJC_IMPLEMENTATIONS = YES;
				CLANG_WARN_DIRECT_OBJC_ISA_USAGE = YES_ERROR;
				CLANG_WARN_DOCUMENTATION_COMMENTS = YES;
				CLANG_WARN_EMPTY_BODY = YES;
				CLANG_WARN_ENUM_CONVERSION = YES;
				CLANG_WARN_INFINITE_RECURSION = YES;
				CLANG_WARN_INT_CONVERSION = YES;
				CLANG_WARN_NON_LITERAL_NULL_CONVERSION = YES;
				CLANG_WARN_OBJC_IMPLICIT_RETAIN_SELF = YES;
				CLANG_WARN_OBJC_LITERAL_CONVERSION = YES;
				CLANG_WARN_OBJC_ROOT_CLASS = YES_ERROR;
				CLANG_WARN_QUOTED_INCLUDE_IN_FRAMEWORK_HEADER = YES;
				CLANG_WARN_RANGE_LOOP_ANALYSIS = YES;
				CLANG_WARN_STRICT_PROTOTYPES = YES;
				CLANG_WARN_SUSPICIOUS_MOVE = YES;
				CLANG_WARN_UNGUARDED_AVAILABILITY = YES_AGGRESSIVE;
				CLANG_WARN_UNREACHABLE_CODE = YES;
				CLANG_WARN__DUPLICATE_METHOD_MATCH = YES;
				COPY_PHASE_STRIP = NO;
				DEBUG_INFORMATION_FORMAT = "dwarf-with-dsym";
				ENABLE_NS_ASSERTIONS = NO;
				ENABLE_STRICT_OBJC_MSGSEND = YES;
				GCC_C_LANGUAGE_STANDARD = gnu11;
				GCC_NO_COMMON_BLOCKS = YES;
				GCC_WARN_64_TO_32_BIT_CONVERSION = YES;
				GCC_WARN_ABOUT_RETURN_TYPE = YES_ERROR;
				GCC_WARN_UNDECLARED_SELECTOR = YES;
				GCC_WARN_UNINITIALIZED_AUTOS = YES_AGGRESSIVE;
				GCC_WARN_UNUSED_FUNCTION = YES;
				GCC_WARN_UNUSED_VARIABLE = YES;
				IPHONEOS_DEPLOYMENT_TARGET = 15.4;
				MTL_ENABLE_DEBUG_INFO = NO;
				MTL_FAST_MATH = YES;
				SDKROOT = iphoneos;
				SWIFT_COMPILATION_MODE = wholemodule;
				SWIFT_OPTIMIZATION_LEVEL = "-O";
				VALIDATE_PRODUCT = YES;
			};
			name = Release;
		};
		C483CA8B28483D3D0004026E /* Debug */ = {
			isa = XCBuildConfiguration;
			buildSettings = {
				ASSETCATALOG_COMPILER_APPICON_NAME = AppIcon;
				ASSETCATALOG_COMPILER_GLOBAL_ACCENT_COLOR_NAME = AccentColor;
				CODE_SIGN_STYLE = Automatic;
				CURRENT_PROJECT_VERSION = 1;
				DEVELOPMENT_TEAM = X28T8ZG28R;
				GENERATE_INFOPLIST_FILE = YES;
				INFOPLIST_FILE = Banker/Info.plist;
				INFOPLIST_KEY_UIApplicationSupportsIndirectInputEvents = YES;
				INFOPLIST_KEY_UILaunchStoryboardName = LaunchScreen;
				INFOPLIST_KEY_UISupportedInterfaceOrientations_iPad = "UIInterfaceOrientationPortrait UIInterfaceOrientationPortraitUpsideDown UIInterfaceOrientationLandscapeLeft UIInterfaceOrientationLandscapeRight";
				INFOPLIST_KEY_UISupportedInterfaceOrientations_iPhone = "UIInterfaceOrientationPortrait UIInterfaceOrientationLandscapeLeft UIInterfaceOrientationLandscapeRight";
				LD_RUNPATH_SEARCH_PATHS = (
					"$(inherited)",
					"@executable_path/Frameworks",
				);
				MARKETING_VERSION = 1.0;
				PRODUCT_BUNDLE_IDENTIFIER = murphy.iosDevSean.Banker;
				PRODUCT_NAME = "$(TARGET_NAME)";
				SWIFT_EMIT_LOC_STRINGS = YES;
				SWIFT_VERSION = 5.0;
				TARGETED_DEVICE_FAMILY = "1,2";
			};
			name = Debug;
		};
		C483CA8C28483D3D0004026E /* Release */ = {
			isa = XCBuildConfiguration;
			buildSettings = {
				ASSETCATALOG_COMPILER_APPICON_NAME = AppIcon;
				ASSETCATALOG_COMPILER_GLOBAL_ACCENT_COLOR_NAME = AccentColor;
				CODE_SIGN_STYLE = Automatic;
				CURRENT_PROJECT_VERSION = 1;
				DEVELOPMENT_TEAM = X28T8ZG28R;
				GENERATE_INFOPLIST_FILE = YES;
				INFOPLIST_FILE = Banker/Info.plist;
				INFOPLIST_KEY_UIApplicationSupportsIndirectInputEvents = YES;
				INFOPLIST_KEY_UILaunchStoryboardName = LaunchScreen;
				INFOPLIST_KEY_UISupportedInterfaceOrientations_iPad = "UIInterfaceOrientationPortrait UIInterfaceOrientationPortraitUpsideDown UIInterfaceOrientationLandscapeLeft UIInterfaceOrientationLandscapeRight";
				INFOPLIST_KEY_UISupportedInterfaceOrientations_iPhone = "UIInterfaceOrientationPortrait UIInterfaceOrientationLandscapeLeft UIInterfaceOrientationLandscapeRight";
				LD_RUNPATH_SEARCH_PATHS = (
					"$(inherited)",
					"@executable_path/Frameworks",
				);
				MARKETING_VERSION = 1.0;
				PRODUCT_BUNDLE_IDENTIFIER = murphy.iosDevSean.Banker;
				PRODUCT_NAME = "$(TARGET_NAME)";
				SWIFT_EMIT_LOC_STRINGS = YES;
				SWIFT_VERSION = 5.0;
				TARGETED_DEVICE_FAMILY = "1,2";
			};
			name = Release;
		};
/* End XCBuildConfiguration section */

/* Begin XCConfigurationList section */
		C428BBFE284D805B00FB7E11 /* Build configuration list for PBXNativeTarget "BankerUnitTests" */ = {
			isa = XCConfigurationList;
			buildConfigurations = (
				C428BBFF284D805B00FB7E11 /* Debug */,
				C428BC00284D805B00FB7E11 /* Release */,
			);
			defaultConfigurationIsVisible = 0;
			defaultConfigurationName = Release;
		};
		C483CA7128483D3B0004026E /* Build configuration list for PBXProject "Banker" */ = {
			isa = XCConfigurationList;
			buildConfigurations = (
				C483CA8828483D3D0004026E /* Debug */,
				C483CA8928483D3D0004026E /* Release */,
			);
			defaultConfigurationIsVisible = 0;
			defaultConfigurationName = Release;
		};
		C483CA8A28483D3D0004026E /* Build configuration list for PBXNativeTarget "Banker" */ = {
			isa = XCConfigurationList;
			buildConfigurations = (
				C483CA8B28483D3D0004026E /* Debug */,
				C483CA8C28483D3D0004026E /* Release */,
			);
			defaultConfigurationIsVisible = 0;
			defaultConfigurationName = Release;
		};
/* End XCConfigurationList section */
	};
	rootObject = C483CA6E28483D3B0004026E /* Project object */;
}
